// !$*UTF8*$!
{
	archiveVersion = 1;
	classes = {
	};
	objectVersion = 77;
	objects = {

/* Begin PBXBuildFile section */
		D4C762F52EE2E42400B6629D /* devtools Extension.appex in Embed Foundation Extensions */ = {isa = PBXBuildFile; fileRef = D4C762F42EE2E42400B6629D /* devtools Extension.appex */; settings = {ATTRIBUTES = (RemoveHeadersOnCopy, ); }; };
/* End PBXBuildFile section */

/* Begin PBXContainerItemProxy section */
		D4C762DF2EE2E42400B6629D /* PBXContainerItemProxy */ = {
			isa = PBXContainerItemProxy;
			containerPortal = D4C762B92EE2E42200B6629D /* Project object */;
			proxyType = 1;
			remoteGlobalIDString = D4C762C02EE2E42200B6629D;
			remoteInfo = devtools;
		};
		D4C762E92EE2E42400B6629D /* PBXContainerItemProxy */ = {
			isa = PBXContainerItemProxy;
			containerPortal = D4C762B92EE2E42200B6629D /* Project object */;
			proxyType = 1;
			remoteGlobalIDString = D4C762C02EE2E42200B6629D;
			remoteInfo = devtools;
		};
		D4C762F62EE2E42400B6629D /* PBXContainerItemProxy */ = {
			isa = PBXContainerItemProxy;
			containerPortal = D4C762B92EE2E42200B6629D /* Project object */;
			proxyType = 1;
			remoteGlobalIDString = D4C762F32EE2E42400B6629D;
			remoteInfo = "devtools Extension";
		};
/* End PBXContainerItemProxy section */

/* Begin PBXCopyFilesBuildPhase section */
		D4C763132EE2E42400B6629D /* Embed Foundation Extensions */ = {
			isa = PBXCopyFilesBuildPhase;
			buildActionMask = 2147483647;
			dstPath = "";
			dstSubfolderSpec = 13;
			files = (
				D4C762F52EE2E42400B6629D /* devtools Extension.appex in Embed Foundation Extensions */,
			);
			name = "Embed Foundation Extensions";
			runOnlyForDeploymentPostprocessing = 0;
		};
/* End PBXCopyFilesBuildPhase section */

/* Begin PBXFileReference section */
		D4C762C12EE2E42200B6629D /* devtools.app */ = {isa = PBXFileReference; explicitFileType = wrapper.application; includeInIndex = 0; path = devtools.app; sourceTree = BUILT_PRODUCTS_DIR; };
		D4C762DE2EE2E42400B6629D /* devtoolsTests.xctest */ = {isa = PBXFileReference; explicitFileType = wrapper.cfbundle; includeInIndex = 0; path = devtoolsTests.xctest; sourceTree = BUILT_PRODUCTS_DIR; };
		D4C762E82EE2E42400B6629D /* devtoolsUITests.xctest */ = {isa = PBXFileReference; explicitFileType = wrapper.cfbundle; includeInIndex = 0; path = devtoolsUITests.xctest; sourceTree = BUILT_PRODUCTS_DIR; };
		D4C762F42EE2E42400B6629D /* devtools Extension.appex */ = {isa = PBXFileReference; explicitFileType = "wrapper.app-extension"; includeInIndex = 0; path = "devtools Extension.appex"; sourceTree = BUILT_PRODUCTS_DIR; };
/* End PBXFileReference section */

/* Begin PBXFileSystemSynchronizedBuildFileExceptionSet section */
		D4C7630E2EE2E42400B6629D /* Exceptions for "devtools" folder in "devtools" target */ = {
			isa = PBXFileSystemSynchronizedBuildFileExceptionSet;
			membershipExceptions = (
				Info.plist,
			);
			target = D4C762C02EE2E42200B6629D /* devtools */;
		};
		D4C763122EE2E42400B6629D /* Exceptions for "devtools Extension" folder in "devtools Extension" target */ = {
			isa = PBXFileSystemSynchronizedBuildFileExceptionSet;
			membershipExceptions = (
				Info.plist,
			);
			target = D4C762F32EE2E42400B6629D /* devtools Extension */;
		};
/* End PBXFileSystemSynchronizedBuildFileExceptionSet section */

/* Begin PBXFileSystemSynchronizedRootGroup section */
		D4C762C32EE2E42200B6629D /* devtools */ = {
			isa = PBXFileSystemSynchronizedRootGroup;
			exceptions = (
				D4C7630E2EE2E42400B6629D /* Exceptions for "devtools" folder in "devtools" target */,
			);
			path = devtools;
			sourceTree = "<group>";
		};
		D4C762E12EE2E42400B6629D /* devtoolsTests */ = {
			isa = PBXFileSystemSynchronizedRootGroup;
			path = devtoolsTests;
			sourceTree = "<group>";
		};
		D4C762EB2EE2E42400B6629D /* devtoolsUITests */ = {
			isa = PBXFileSystemSynchronizedRootGroup;
			path = devtoolsUITests;
			sourceTree = "<group>";
		};
		D4C762F82EE2E42400B6629D /* devtools Extension */ = {
			isa = PBXFileSystemSynchronizedRootGroup;
			exceptions = (
				D4C763122EE2E42400B6629D /* Exceptions for "devtools Extension" folder in "devtools Extension" target */,
			);
			explicitFolders = (
				Resources/_locales,
				Resources/images,
			);
			path = "devtools Extension";
			sourceTree = "<group>";
		};
		D4C763302EE3000000B6629D /* Shared */ = {
			isa = PBXFileSystemSynchronizedRootGroup;
			path = Shared;
			sourceTree = "<group>";
		};
/* End PBXFileSystemSynchronizedRootGroup section */

/* Begin PBXFrameworksBuildPhase section */
		D4C762BE2EE2E42200B6629D /* Frameworks */ = {
			isa = PBXFrameworksBuildPhase;
			buildActionMask = 2147483647;
			files = (
			);
			runOnlyForDeploymentPostprocessing = 0;
		};
		D4C762DB2EE2E42400B6629D /* Frameworks */ = {
			isa = PBXFrameworksBuildPhase;
			buildActionMask = 2147483647;
			files = (
			);
			runOnlyForDeploymentPostprocessing = 0;
		};
		D4C762E52EE2E42400B6629D /* Frameworks */ = {
			isa = PBXFrameworksBuildPhase;
			buildActionMask = 2147483647;
			files = (
			);
			runOnlyForDeploymentPostprocessing = 0;
		};
		D4C762F12EE2E42400B6629D /* Frameworks */ = {
			isa = PBXFrameworksBuildPhase;
			buildActionMask = 2147483647;
			files = (
			);
			runOnlyForDeploymentPostprocessing = 0;
		};
/* End PBXFrameworksBuildPhase section */

/* Begin PBXGroup section */
		D4C762B82EE2E42200B6629D = {
			isa = PBXGroup;
			children = (
				D4C763302EE3000000B6629D /* Shared */,
				D4C762C32EE2E42200B6629D /* devtools */,
				D4C762E12EE2E42400B6629D /* devtoolsTests */,
				D4C762EB2EE2E42400B6629D /* devtoolsUITests */,
				D4C762F82EE2E42400B6629D /* devtools Extension */,
				D4C762C22EE2E42200B6629D /* Products */,
			);
			sourceTree = "<group>";
		};
		D4C762C22EE2E42200B6629D /* Products */ = {
			isa = PBXGroup;
			children = (
				D4C762C12EE2E42200B6629D /* devtools.app */,
				D4C762DE2EE2E42400B6629D /* devtoolsTests.xctest */,
				D4C762E82EE2E42400B6629D /* devtoolsUITests.xctest */,
				D4C762F42EE2E42400B6629D /* devtools Extension.appex */,
			);
			name = Products;
			sourceTree = "<group>";
		};
/* End PBXGroup section */

/* Begin PBXNativeTarget section */
		D4C762C02EE2E42200B6629D /* devtools */ = {
			isa = PBXNativeTarget;
			buildConfigurationList = D4C763142EE2E42400B6629D /* Build configuration list for PBXNativeTarget "devtools" */;
			buildPhases = (
				D4C762BD2EE2E42200B6629D /* Sources */,
				D4C762BE2EE2E42200B6629D /* Frameworks */,
				D4C762BF2EE2E42200B6629D /* Resources */,
				D4C763132EE2E42400B6629D /* Embed Foundation Extensions */,
			);
			buildRules = (
			);
			dependencies = (
				D4C762F72EE2E42400B6629D /* PBXTargetDependency */,
			);
			fileSystemSynchronizedGroups = (
				D4C762C32EE2E42200B6629D /* devtools */,
				D4C763302EE3000000B6629D /* Shared */,
			);
			name = devtools;
			packageProductDependencies = (
			);
			productName = devtools;
			productReference = D4C762C12EE2E42200B6629D /* devtools.app */;
			productType = "com.apple.product-type.application";
		};
		D4C762DD2EE2E42400B6629D /* devtoolsTests */ = {
			isa = PBXNativeTarget;
			buildConfigurationList = D4C763192EE2E42400B6629D /* Build configuration list for PBXNativeTarget "devtoolsTests" */;
			buildPhases = (
				D4C762DA2EE2E42400B6629D /* Sources */,
				D4C762DB2EE2E42400B6629D /* Frameworks */,
				D4C762DC2EE2E42400B6629D /* Resources */,
			);
			buildRules = (
			);
			dependencies = (
				D4C762E02EE2E42400B6629D /* PBXTargetDependency */,
			);
			fileSystemSynchronizedGroups = (
				D4C762E12EE2E42400B6629D /* devtoolsTests */,
			);
			name = devtoolsTests;
			packageProductDependencies = (
			);
			productName = devtoolsTests;
			productReference = D4C762DE2EE2E42400B6629D /* devtoolsTests.xctest */;
			productType = "com.apple.product-type.bundle.unit-test";
		};
		D4C762E72EE2E42400B6629D /* devtoolsUITests */ = {
			isa = PBXNativeTarget;
			buildConfigurationList = D4C7631C2EE2E42400B6629D /* Build configuration list for PBXNativeTarget "devtoolsUITests" */;
			buildPhases = (
				D4C762E42EE2E42400B6629D /* Sources */,
				D4C762E52EE2E42400B6629D /* Frameworks */,
				D4C762E62EE2E42400B6629D /* Resources */,
			);
			buildRules = (
			);
			dependencies = (
				D4C762EA2EE2E42400B6629D /* PBXTargetDependency */,
			);
			fileSystemSynchronizedGroups = (
				D4C762EB2EE2E42400B6629D /* devtoolsUITests */,
			);
			name = devtoolsUITests;
			packageProductDependencies = (
			);
			productName = devtoolsUITests;
			productReference = D4C762E82EE2E42400B6629D /* devtoolsUITests.xctest */;
			productType = "com.apple.product-type.bundle.ui-testing";
		};
		D4C762F32EE2E42400B6629D /* devtools Extension */ = {
			isa = PBXNativeTarget;
			buildConfigurationList = D4C7630F2EE2E42400B6629D /* Build configuration list for PBXNativeTarget "devtools Extension" */;
			buildPhases = (
				D4C763202EE2E50000B6629D /* Build Popup */,
				D4C762F02EE2E42400B6629D /* Sources */,
				D4C762F12EE2E42400B6629D /* Frameworks */,
				D4C762F22EE2E42400B6629D /* Resources */,
			);
			buildRules = (
			);
			dependencies = (
			);
			fileSystemSynchronizedGroups = (
				D4C762F82EE2E42400B6629D /* devtools Extension */,
				D4C763302EE3000000B6629D /* Shared */,
			);
			name = "devtools Extension";
			packageProductDependencies = (
			);
			productName = "devtools Extension";
			productReference = D4C762F42EE2E42400B6629D /* devtools Extension.appex */;
			productType = "com.apple.product-type.app-extension";
		};
/* End PBXNativeTarget section */

/* Begin PBXProject section */
		D4C762B92EE2E42200B6629D /* Project object */ = {
			isa = PBXProject;
			attributes = {
				BuildIndependentTargetsInParallel = 1;
				LastSwiftUpdateCheck = 1640;
				LastUpgradeCheck = 1640;
				TargetAttributes = {
					D4C762C02EE2E42200B6629D = {
						CreatedOnToolsVersion = 16.4;
					};
					D4C762DD2EE2E42400B6629D = {
						CreatedOnToolsVersion = 16.4;
						TestTargetID = D4C762C02EE2E42200B6629D;
					};
					D4C762E72EE2E42400B6629D = {
						CreatedOnToolsVersion = 16.4;
						TestTargetID = D4C762C02EE2E42200B6629D;
					};
					D4C762F32EE2E42400B6629D = {
						CreatedOnToolsVersion = 16.4;
					};
				};
			};
			buildConfigurationList = D4C762BC2EE2E42200B6629D /* Build configuration list for PBXProject "devtools" */;
			developmentRegion = en;
			hasScannedForEncodings = 0;
			knownRegions = (
				en,
				Base,
			);
			mainGroup = D4C762B82EE2E42200B6629D;
			minimizedProjectReferenceProxies = 1;
			preferredProjectObjectVersion = 77;
			productRefGroup = D4C762C22EE2E42200B6629D /* Products */;
			projectDirPath = "";
			projectRoot = "";
			targets = (
				D4C762C02EE2E42200B6629D /* devtools */,
				D4C762DD2EE2E42400B6629D /* devtoolsTests */,
				D4C762E72EE2E42400B6629D /* devtoolsUITests */,
				D4C762F32EE2E42400B6629D /* devtools Extension */,
			);
		};
/* End PBXProject section */

/* Begin PBXResourcesBuildPhase section */
		D4C762BF2EE2E42200B6629D /* Resources */ = {
			isa = PBXResourcesBuildPhase;
			buildActionMask = 2147483647;
			files = (
			);
			runOnlyForDeploymentPostprocessing = 0;
		};
		D4C762DC2EE2E42400B6629D /* Resources */ = {
			isa = PBXResourcesBuildPhase;
			buildActionMask = 2147483647;
			files = (
			);
			runOnlyForDeploymentPostprocessing = 0;
		};
		D4C762E62EE2E42400B6629D /* Resources */ = {
			isa = PBXResourcesBuildPhase;
			buildActionMask = 2147483647;
			files = (
			);
			runOnlyForDeploymentPostprocessing = 0;
		};
		D4C762F22EE2E42400B6629D /* Resources */ = {
			isa = PBXResourcesBuildPhase;
			buildActionMask = 2147483647;
			files = (
			);
			runOnlyForDeploymentPostprocessing = 0;
		};
/* End PBXResourcesBuildPhase section */

/* Begin PBXShellScriptBuildPhase section */
		D4C763202EE2E50000B6629D /* Build Popup */ = {
			isa = PBXShellScriptBuildPhase;
			alwaysOutOfDate = 1;
			buildActionMask = 2147483647;
			files = (
			);
			inputFileListPaths = (
			);
			inputPaths = (
			);
			name = "Build Popup";
			outputFileListPaths = (
			);
			outputPaths = (
			);
			runOnlyForDeploymentPostprocessing = 0;
			shellPath = /bin/sh;
			shellScript = "set -euo pipefail\n\n# Skip if already built (e.g., by ci_post_clone.sh in Xcode Cloud)\nif [ -f \"$SRCROOT/devtools Extension/Resources/popup.html\" ] && [ -f \"$SRCROOT/devtools Extension/Resources/popup.js\" ]; then\n    echo \"Web files already built, skipping...\"\n    exit 0\nfi\n\n# Add common paths where pnpm/node might be installed\nexport PATH=\"$HOME/.local/share/pnpm:/opt/homebrew/bin:/usr/local/bin:$PATH\"\n\n# For Xcode Cloud: add npm global bin path\nif command -v npm &> /dev/null; then\n    export PATH=\"$(npm config get prefix)/bin:$PATH\"\nfi\n\ncd \"$SRCROOT/popup-app\"\npnpm install --frozen-lockfile\npnpm run build\n";
		};
/* End PBXShellScriptBuildPhase section */

/* Begin PBXSourcesBuildPhase section */
		D4C762BD2EE2E42200B6629D /* Sources */ = {
			isa = PBXSourcesBuildPhase;
			buildActionMask = 2147483647;
			files = (
			);
			runOnlyForDeploymentPostprocessing = 0;
		};
		D4C762DA2EE2E42400B6629D /* Sources */ = {
			isa = PBXSourcesBuildPhase;
			buildActionMask = 2147483647;
			files = (
			);
			runOnlyForDeploymentPostprocessing = 0;
		};
		D4C762E42EE2E42400B6629D /* Sources */ = {
			isa = PBXSourcesBuildPhase;
			buildActionMask = 2147483647;
			files = (
			);
			runOnlyForDeploymentPostprocessing = 0;
		};
		D4C762F02EE2E42400B6629D /* Sources */ = {
			isa = PBXSourcesBuildPhase;
			buildActionMask = 2147483647;
			files = (
			);
			runOnlyForDeploymentPostprocessing = 0;
		};
/* End PBXSourcesBuildPhase section */

/* Begin PBXTargetDependency section */
		D4C762E02EE2E42400B6629D /* PBXTargetDependency */ = {
			isa = PBXTargetDependency;
			target = D4C762C02EE2E42200B6629D /* devtools */;
			targetProxy = D4C762DF2EE2E42400B6629D /* PBXContainerItemProxy */;
		};
		D4C762EA2EE2E42400B6629D /* PBXTargetDependency */ = {
			isa = PBXTargetDependency;
			target = D4C762C02EE2E42200B6629D /* devtools */;
			targetProxy = D4C762E92EE2E42400B6629D /* PBXContainerItemProxy */;
		};
		D4C762F72EE2E42400B6629D /* PBXTargetDependency */ = {
			isa = PBXTargetDependency;
			target = D4C762F32EE2E42400B6629D /* devtools Extension */;
			targetProxy = D4C762F62EE2E42400B6629D /* PBXContainerItemProxy */;
		};
/* End PBXTargetDependency section */

/* Begin XCBuildConfiguration section */
		D4C763102EE2E42400B6629D /* Debug */ = {
			isa = XCBuildConfiguration;
			buildSettings = {
				CODE_SIGN_ENTITLEMENTS = "devtools Extension/devtools Extension.entitlements";
				CODE_SIGN_STYLE = Automatic;
				CURRENT_PROJECT_VERSION = 1;
				DEVELOPMENT_TEAM = 6JKMV57Y77;
				GENERATE_INFOPLIST_FILE = YES;
				INFOPLIST_FILE = "devtools Extension/Info.plist";
				INFOPLIST_KEY_CFBundleDisplayName = "browser devtools";
				INFOPLIST_KEY_NSHumanReadableCopyright = "";
				IPHONEOS_DEPLOYMENT_TARGET = 17.0;
				LD_RUNPATH_SEARCH_PATHS = (
					"$(inherited)",
					"@executable_path/Frameworks",
					"@executable_path/../../Frameworks",
				);
				LIBRARY_SEARCH_PATHS = "$(inherited)";
				MARKETING_VERSION = 1.0.1;
				OTHER_LDFLAGS = (
					"-framework",
					SafariServices,
				);
				PRODUCT_BUNDLE_IDENTIFIER = co.za.stephancill.devtools.Extension;
				PRODUCT_NAME = "$(TARGET_NAME)";
				SKIP_INSTALL = YES;
				SWIFT_EMIT_LOC_STRINGS = YES;
				SWIFT_VERSION = 5.0;
				TARGETED_DEVICE_FAMILY = "1,2";
			};
			name = Debug;
		};
		D4C763112EE2E42400B6629D /* Release */ = {
			isa = XCBuildConfiguration;
			buildSettings = {
				CODE_SIGN_ENTITLEMENTS = "devtools Extension/devtools Extension.entitlements";
				CODE_SIGN_STYLE = Automatic;
				CURRENT_PROJECT_VERSION = 1;
				DEVELOPMENT_TEAM = 6JKMV57Y77;
				GENERATE_INFOPLIST_FILE = YES;
				INFOPLIST_FILE = "devtools Extension/Info.plist";
				INFOPLIST_KEY_CFBundleDisplayName = "browser devtools";
				INFOPLIST_KEY_NSHumanReadableCopyright = "";
				IPHONEOS_DEPLOYMENT_TARGET = 17.0;
				LD_RUNPATH_SEARCH_PATHS = (
					"$(inherited)",
					"@executable_path/Frameworks",
					"@executable_path/../../Frameworks",
				);
				LIBRARY_SEARCH_PATHS = "$(inherited)";
				MARKETING_VERSION = 1.0.1;
				OTHER_LDFLAGS = (
					"-framework",
					SafariServices,
				);
				PRODUCT_BUNDLE_IDENTIFIER = co.za.stephancill.devtools.Extension;
				PRODUCT_NAME = "$(TARGET_NAME)";
				SKIP_INSTALL = YES;
				SWIFT_EMIT_LOC_STRINGS = YES;
				SWIFT_VERSION = 5.0;
				TARGETED_DEVICE_FAMILY = "1,2";
			};
			name = Release;
		};
		D4C763152EE2E42400B6629D /* Debug */ = {
			isa = XCBuildConfiguration;
			buildSettings = {
				ASSETCATALOG_COMPILER_APPICON_NAME = AppIcon;
				ASSETCATALOG_COMPILER_GLOBAL_ACCENT_COLOR_NAME = AccentColor;
				CODE_SIGN_ENTITLEMENTS = devtools/devtools.entitlements;
				CODE_SIGN_STYLE = Automatic;
				CURRENT_PROJECT_VERSION = 1;
				DEVELOPMENT_TEAM = 6JKMV57Y77;
				GENERATE_INFOPLIST_FILE = YES;
				INFOPLIST_FILE = devtools/Info.plist;
				INFOPLIST_KEY_CFBundleDisplayName = "browser devtools";
				INFOPLIST_KEY_UIApplicationSupportsIndirectInputEvents = YES;
				INFOPLIST_KEY_UILaunchStoryboardName = LaunchScreen;
				INFOPLIST_KEY_UISupportedInterfaceOrientations_iPad = "UIInterfaceOrientationPortrait UIInterfaceOrientationPortraitUpsideDown UIInterfaceOrientationLandscapeLeft UIInterfaceOrientationLandscapeRight";
				INFOPLIST_KEY_UISupportedInterfaceOrientations_iPhone = "UIInterfaceOrientationPortrait UIInterfaceOrientationLandscapeLeft UIInterfaceOrientationLandscapeRight";
				IPHONEOS_DEPLOYMENT_TARGET = 17.0;
				LD_RUNPATH_SEARCH_PATHS = (
					"$(inherited)",
					"@executable_path/Frameworks",
				);
				MARKETING_VERSION = 1.0.1;
				OTHER_LDFLAGS = (
					"-framework",
					SafariServices,
				);
				PRODUCT_BUNDLE_IDENTIFIER = co.za.stephancill.devtools;
				PRODUCT_NAME = "$(TARGET_NAME)";
				SWIFT_EMIT_LOC_STRINGS = YES;
				SWIFT_VERSION = 5.0;
				TARGETED_DEVICE_FAMILY = "1,2";
			};
			name = Debug;
		};
		D4C763162EE2E42400B6629D /* Release */ = {
			isa = XCBuildConfiguration;
			buildSettings = {
				ASSETCATALOG_COMPILER_APPICON_NAME = AppIcon;
				ASSETCATALOG_COMPILER_GLOBAL_ACCENT_COLOR_NAME = AccentColor;
				CODE_SIGN_ENTITLEMENTS = devtools/devtools.entitlements;
				CODE_SIGN_STYLE = Automatic;
				CURRENT_PROJECT_VERSION = 1;
				DEVELOPMENT_TEAM = 6JKMV57Y77;
				GENERATE_INFOPLIST_FILE = YES;
				INFOPLIST_FILE = devtools/Info.plist;
				INFOPLIST_KEY_CFBundleDisplayName = "browser devtools";
				INFOPLIST_KEY_UIApplicationSupportsIndirectInputEvents = YES;
				INFOPLIST_KEY_UILaunchStoryboardName = LaunchScreen;
				INFOPLIST_KEY_UISupportedInterfaceOrientations_iPad = "UIInterfaceOrientationPortrait UIInterfaceOrientationPortraitUpsideDown UIInterfaceOrientationLandscapeLeft UIInterfaceOrientationLandscapeRight";
				INFOPLIST_KEY_UISupportedInterfaceOrientations_iPhone = "UIInterfaceOrientationPortrait UIInterfaceOrientationLandscapeLeft UIInterfaceOrientationLandscapeRight";
				IPHONEOS_DEPLOYMENT_TARGET = 17.0;
				LD_RUNPATH_SEARCH_PATHS = (
					"$(inherited)",
					"@executable_path/Frameworks",
				);
				MARKETING_VERSION = 1.0.1;
				OTHER_LDFLAGS = (
					"-framework",
					SafariServices,
				);
				PRODUCT_BUNDLE_IDENTIFIER = co.za.stephancill.devtools;
				PRODUCT_NAME = "$(TARGET_NAME)";
				SWIFT_EMIT_LOC_STRINGS = YES;
				SWIFT_VERSION = 5.0;
				TARGETED_DEVICE_FAMILY = "1,2";
			};
			name = Release;
		};
		D4C763172EE2E42400B6629D /* Debug */ = {
			isa = XCBuildConfiguration;
			buildSettings = {
				ALWAYS_SEARCH_USER_PATHS = NO;
				ASSETCATALOG_COMPILER_GENERATE_SWIFT_ASSET_SYMBOL_EXTENSIONS = YES;
				CLANG_ANALYZER_NONNULL = YES;
				CLANG_ANALYZER_NUMBER_OBJECT_CONVERSION = YES_AGGRESSIVE;
				CLANG_CXX_LANGUAGE_STANDARD = "gnu++20";
				CLANG_ENABLE_MODULES = YES;
				CLANG_ENABLE_OBJC_ARC = YES;
				CLANG_ENABLE_OBJC_WEAK = YES;
				CLANG_WARN_BLOCK_CAPTURE_AUTORELEASING = YES;
				CLANG_WARN_BOOL_CONVERSION = YES;
				CLANG_WARN_COMMA = YES;
				CLANG_WARN_CONSTANT_CONVERSION = YES;
				CLANG_WARN_DEPRECATED_OBJC_IMPLEMENTATIONS = YES;
				CLANG_WARN_DIRECT_OBJC_ISA_USAGE = YES_ERROR;
				CLANG_WARN_DOCUMENTATION_COMMENTS = YES;
				CLANG_WARN_EMPTY_BODY = YES;
				CLANG_WARN_ENUM_CONVERSION = YES;
				CLANG_WARN_INFINITE_RECURSION = YES;
				CLANG_WARN_INT_CONVERSION = YES;
				CLANG_WARN_NON_LITERAL_NULL_CONVERSION = YES;
				CLANG_WARN_OBJC_IMPLICIT_RETAIN_SELF = YES;
				CLANG_WARN_OBJC_LITERAL_CONVERSION = YES;
				CLANG_WARN_OBJC_ROOT_CLASS = YES_ERROR;
				CLANG_WARN_QUOTED_INCLUDE_IN_FRAMEWORK_HEADER = YES;
				CLANG_WARN_RANGE_LOOP_ANALYSIS = YES;
				CLANG_WARN_STRICT_PROTOTYPES = YES;
				CLANG_WARN_SUSPICIOUS_MOVE = YES;
				CLANG_WARN_UNGUARDED_AVAILABILITY = YES_AGGRESSIVE;
				CLANG_WARN_UNREACHABLE_CODE = YES;
				CLANG_WARN__DUPLICATE_METHOD_MATCH = YES;
				COPY_PHASE_STRIP = NO;
				DEBUG_INFORMATION_FORMAT = dwarf;
				DEVELOPMENT_TEAM = 6JKMV57Y77;
				ENABLE_STRICT_OBJC_MSGSEND = YES;
				ENABLE_TESTABILITY = YES;
				ENABLE_USER_SCRIPT_SANDBOXING = NO;
				GCC_C_LANGUAGE_STANDARD = gnu17;
				GCC_DYNAMIC_NO_PIC = NO;
				GCC_NO_COMMON_BLOCKS = YES;
				GCC_OPTIMIZATION_LEVEL = 0;
				GCC_PREPROCESSOR_DEFINITIONS = (
					"DEBUG=1",
					"$(inherited)",
				);
				GCC_WARN_64_TO_32_BIT_CONVERSION = YES;
				GCC_WARN_ABOUT_RETURN_TYPE = YES_ERROR;
				GCC_WARN_UNDECLARED_SELECTOR = YES;
				GCC_WARN_UNINITIALIZED_AUTOS = YES_AGGRESSIVE;
				GCC_WARN_UNUSED_FUNCTION = YES;
				GCC_WARN_UNUSED_VARIABLE = YES;
				IPHONEOS_DEPLOYMENT_TARGET = 18.5;
				LOCALIZATION_PREFERS_STRING_CATALOGS = YES;
				MTL_ENABLE_DEBUG_INFO = INCLUDE_SOURCE;
				MTL_FAST_MATH = YES;
				ONLY_ACTIVE_ARCH = YES;
				SDKROOT = iphoneos;
				SWIFT_ACTIVE_COMPILATION_CONDITIONS = "DEBUG $(inherited)";
				SWIFT_OPTIMIZATION_LEVEL = "-Onone";
			};
			name = Debug;
		};
		D4C763182EE2E42400B6629D /* Release */ = {
			isa = XCBuildConfiguration;
			buildSettings = {
				ALWAYS_SEARCH_USER_PATHS = NO;
				ASSETCATALOG_COMPILER_GENERATE_SWIFT_ASSET_SYMBOL_EXTENSIONS = YES;
				CLANG_ANALYZER_NONNULL = YES;
				CLANG_ANALYZER_NUMBER_OBJECT_CONVERSION = YES_AGGRESSIVE;
				CLANG_CXX_LANGUAGE_STANDARD = "gnu++20";
				CLANG_ENABLE_MODULES = YES;
				CLANG_ENABLE_OBJC_ARC = YES;
				CLANG_ENABLE_OBJC_WEAK = YES;
				CLANG_WARN_BLOCK_CAPTURE_AUTORELEASING = YES;
				CLANG_WARN_BOOL_CONVERSION = YES;
				CLANG_WARN_COMMA = YES;
				CLANG_WARN_CONSTANT_CONVERSION = YES;
				CLANG_WARN_DEPRECATED_OBJC_IMPLEMENTATIONS = YES;
				CLANG_WARN_DIRECT_OBJC_ISA_USAGE = YES_ERROR;
				CLANG_WARN_DOCUMENTATION_COMMENTS = YES;
				CLANG_WARN_EMPTY_BODY = YES;
				CLANG_WARN_ENUM_CONVERSION = YES;
				CLANG_WARN_INFINITE_RECURSION = YES;
				CLANG_WARN_INT_CONVERSION = YES;
				CLANG_WARN_NON_LITERAL_NULL_CONVERSION = YES;
				CLANG_WARN_OBJC_IMPLICIT_RETAIN_SELF = YES;
				CLANG_WARN_OBJC_LITERAL_CONVERSION = YES;
				CLANG_WARN_OBJC_ROOT_CLASS = YES_ERROR;
				CLANG_WARN_QUOTED_INCLUDE_IN_FRAMEWORK_HEADER = YES;
				CLANG_WARN_RANGE_LOOP_ANALYSIS = YES;
				CLANG_WARN_STRICT_PROTOTYPES = YES;
				CLANG_WARN_SUSPICIOUS_MOVE = YES;
				CLANG_WARN_UNGUARDED_AVAILABILITY = YES_AGGRESSIVE;
				CLANG_WARN_UNREACHABLE_CODE = YES;
				CLANG_WARN__DUPLICATE_METHOD_MATCH = YES;
				COPY_PHASE_STRIP = NO;
				DEBUG_INFORMATION_FORMAT = "dwarf-with-dsym";
				DEVELOPMENT_TEAM = 6JKMV57Y77;
				ENABLE_NS_ASSERTIONS = NO;
				ENABLE_STRICT_OBJC_MSGSEND = YES;
				ENABLE_USER_SCRIPT_SANDBOXING = NO;
				GCC_C_LANGUAGE_STANDARD = gnu17;
				GCC_NO_COMMON_BLOCKS = YES;
				GCC_WARN_64_TO_32_BIT_CONVERSION = YES;
				GCC_WARN_ABOUT_RETURN_TYPE = YES_ERROR;
				GCC_WARN_UNDECLARED_SELECTOR = YES;
				GCC_WARN_UNINITIALIZED_AUTOS = YES_AGGRESSIVE;
				GCC_WARN_UNUSED_FUNCTION = YES;
				GCC_WARN_UNUSED_VARIABLE = YES;
				IPHONEOS_DEPLOYMENT_TARGET = 18.5;
				LOCALIZATION_PREFERS_STRING_CATALOGS = YES;
				MTL_ENABLE_DEBUG_INFO = NO;
				MTL_FAST_MATH = YES;
				SDKROOT = iphoneos;
				SWIFT_COMPILATION_MODE = wholemodule;
				VALIDATE_PRODUCT = YES;
			};
			name = Release;
		};
		D4C7631A2EE2E42400B6629D /* Debug */ = {
			isa = XCBuildConfiguration;
			buildSettings = {
				BUNDLE_LOADER = "$(TEST_HOST)";
				CODE_SIGN_STYLE = Automatic;
				CURRENT_PROJECT_VERSION = 1;
				DEVELOPMENT_TEAM = 6JKMV57Y77;
				GENERATE_INFOPLIST_FILE = YES;
				IPHONEOS_DEPLOYMENT_TARGET = 17.0;
				MARKETING_VERSION = 1.0.1;
				PRODUCT_BUNDLE_IDENTIFIER = co.za.stephancill.devtoolsTests;
				PRODUCT_NAME = "$(TARGET_NAME)";
				SWIFT_EMIT_LOC_STRINGS = NO;
				SWIFT_VERSION = 5.0;
				TARGETED_DEVICE_FAMILY = "1,2";
				TEST_HOST = "$(BUILT_PRODUCTS_DIR)/devtools.app/$(BUNDLE_EXECUTABLE_FOLDER_PATH)/devtools";
			};
			name = Debug;
		};
		D4C7631B2EE2E42400B6629D /* Release */ = {
			isa = XCBuildConfiguration;
			buildSettings = {
				BUNDLE_LOADER = "$(TEST_HOST)";
				CODE_SIGN_STYLE = Automatic;
				CURRENT_PROJECT_VERSION = 1;
				DEVELOPMENT_TEAM = 6JKMV57Y77;
				GENERATE_INFOPLIST_FILE = YES;
				IPHONEOS_DEPLOYMENT_TARGET = 17.0;
				MARKETING_VERSION = 1.0.1;
				PRODUCT_BUNDLE_IDENTIFIER = co.za.stephancill.devtoolsTests;
				PRODUCT_NAME = "$(TARGET_NAME)";
				SWIFT_EMIT_LOC_STRINGS = NO;
				SWIFT_VERSION = 5.0;
				TARGETED_DEVICE_FAMILY = "1,2";
				TEST_HOST = "$(BUILT_PRODUCTS_DIR)/devtools.app/$(BUNDLE_EXECUTABLE_FOLDER_PATH)/devtools";
			};
			name = Release;
		};
		D4C7631D2EE2E42400B6629D /* Debug */ = {
			isa = XCBuildConfiguration;
			buildSettings = {
				CODE_SIGN_STYLE = Automatic;
				CURRENT_PROJECT_VERSION = 1;
				DEVELOPMENT_TEAM = 6JKMV57Y77;
				GENERATE_INFOPLIST_FILE = YES;
				MARKETING_VERSION = 1.0.1;
				PRODUCT_BUNDLE_IDENTIFIER = co.za.stephancill.devtoolsUITests;
				PRODUCT_NAME = "$(TARGET_NAME)";
				SWIFT_EMIT_LOC_STRINGS = NO;
				SWIFT_VERSION = 5.0;
				TARGETED_DEVICE_FAMILY = "1,2";
				TEST_TARGET_NAME = devtools;
			};
			name = Debug;
		};
		D4C7631E2EE2E42400B6629D /* Release */ = {
			isa = XCBuildConfiguration;
			buildSettings = {
				CODE_SIGN_STYLE = Automatic;
				CURRENT_PROJECT_VERSION = 1;
				DEVELOPMENT_TEAM = 6JKMV57Y77;
				GENERATE_INFOPLIST_FILE = YES;
				MARKETING_VERSION = 1.0.1;
				PRODUCT_BUNDLE_IDENTIFIER = co.za.stephancill.devtoolsUITests;
				PRODUCT_NAME = "$(TARGET_NAME)";
				SWIFT_EMIT_LOC_STRINGS = NO;
				SWIFT_VERSION = 5.0;
				TARGETED_DEVICE_FAMILY = "1,2";
				TEST_TARGET_NAME = devtools;
			};
			name = Release;
		};
/* End XCBuildConfiguration section */

/* Begin XCConfigurationList section */
		D4C762BC2EE2E42200B6629D /* Build configuration list for PBXProject "devtools" */ = {
			isa = XCConfigurationList;
			buildConfigurations = (
				D4C763172EE2E42400B6629D /* Debug */,
				D4C763182EE2E42400B6629D /* Release */,
			);
			defaultConfigurationIsVisible = 0;
			defaultConfigurationName = Release;
		};
		D4C7630F2EE2E42400B6629D /* Build configuration list for PBXNativeTarget "devtools Extension" */ = {
			isa = XCConfigurationList;
			buildConfigurations = (
				D4C763102EE2E42400B6629D /* Debug */,
				D4C763112EE2E42400B6629D /* Release */,
			);
			defaultConfigurationIsVisible = 0;
			defaultConfigurationName = Release;
		};
		D4C763142EE2E42400B6629D /* Build configuration list for PBXNativeTarget "devtools" */ = {
			isa = XCConfigurationList;
			buildConfigurations = (
				D4C763152EE2E42400B6629D /* Debug */,
				D4C763162EE2E42400B6629D /* Release */,
			);
			defaultConfigurationIsVisible = 0;
			defaultConfigurationName = Release;
		};
		D4C763192EE2E42400B6629D /* Build configuration list for PBXNativeTarget "devtoolsTests" */ = {
			isa = XCConfigurationList;
			buildConfigurations = (
				D4C7631A2EE2E42400B6629D /* Debug */,
				D4C7631B2EE2E42400B6629D /* Release */,
			);
			defaultConfigurationIsVisible = 0;
			defaultConfigurationName = Release;
		};
		D4C7631C2EE2E42400B6629D /* Build configuration list for PBXNativeTarget "devtoolsUITests" */ = {
			isa = XCConfigurationList;
			buildConfigurations = (
				D4C7631D2EE2E42400B6629D /* Debug */,
				D4C7631E2EE2E42400B6629D /* Release */,
			);
			defaultConfigurationIsVisible = 0;
			defaultConfigurationName = Release;
		};
/* End XCConfigurationList section */
	};
	rootObject = D4C762B92EE2E42200B6629D /* Project object */;
}
